<Solution>
  <Project Path="SslProto/SslProto.csproj" />
  <Project Path="TrackerConnectionLib/TrackerConnectionLib.csproj" />
  <Project Path="TrackerConnectionLibExample/TrackerConnectionLibExample.csproj" />
  <Project Path="Tracker/Tracker.Core/Tracker.Core.csproj" />
  <Project Path="Tracker/Tracker.DebugHost/Tracker.DebugHost.csproj" />
  <Project Path="Tracker/Tracker.RuntimeHost/Tracker.RuntimeHost.csproj" />
</Solution>
